
Microsoft Visual Studio Solution File, Format Version 12.00
# Visual Studio Version 17
VisualStudioVersion = 17.12.35707.178 d17.12
MinimumVisualStudioVersion = 10.0.40219.1
Project("{FAE04EC0-301F-11D3-BF4B-00C04F79EFBC}") = "MyPortfolio.Core", "MyPortfolio.Core\MyPortfolio.Core.csproj", "{EA2FC27E-422C-40C7-A604-37A4E509D8D6}"
EndProject
Project("{FAE04EC0-301F-11D3-BF4B-00C04F79EFBC}") = "MyPortfolio.Data", "MyPortfolio.Data\MyPortfolio.Data.csproj", "{F0509D34-360B-4C87-B4BE-B3CCAF603A37}"
EndProject
Project("{FAE04EC0-301F-11D3-BF4B-00C04F79EFBC}") = "MyPortfolio.WebApi", "MyPortfolio.WebApi\MyPortfolio.WebApi.csproj", "{AF7A5528-5943-4EEC-A601-794AE8270805}"
EndProject
Project("{FAE04EC0-301F-11D3-BF4B-00C04F79EFBC}") = "MyPortfolio.Tests", "MyPortfolio.Tests\MyPortfolio.Tests.csproj", "{1D5D1936-8197-4C25-A623-BC355CAB9AE0}"
EndProject
Global
	GlobalSection(SolutionConfigurationPlatforms) = preSolution
		Debug|Any CPU = Debug|Any CPU
		Release|Any CPU = Release|Any CPU
	EndGlobalSection
	GlobalSection(ProjectConfigurationPlatforms) = postSolution
		{EA2FC27E-422C-40C7-A604-37A4E509D8D6}.Debug|Any CPU.ActiveCfg = Debug|Any CPU
		{EA2FC27E-422C-40C7-A604-37A4E509D8D6}.Debug|Any CPU.Build.0 = Debug|Any CPU
		{EA2FC27E-422C-40C7-A604-37A4E509D8D6}.Release|Any CPU.ActiveCfg = Release|Any CPU
		{EA2FC27E-422C-40C7-A604-37A4E509D8D6}.Release|Any CPU.Build.0 = Release|Any CPU
		{F0509D34-360B-4C87-B4BE-B3CCAF603A37}.Debug|Any CPU.ActiveCfg = Debug|Any CPU
		{F0509D34-360B-4C87-B4BE-B3CCAF603A37}.Debug|Any CPU.Build.0 = Debug|Any CPU
		{F0509D34-360B-4C87-B4BE-B3CCAF603A37}.Release|Any CPU.ActiveCfg = Release|Any CPU
		{F0509D34-360B-4C87-B4BE-B3CCAF603A37}.Release|Any CPU.Build.0 = Release|Any CPU
		{AF7A5528-5943-4EEC-A601-794AE8270805}.Debug|Any CPU.ActiveCfg = Debug|Any CPU
		{AF7A5528-5943-4EEC-A601-794AE8270805}.Debug|Any CPU.Build.0 = Debug|Any CPU
		{AF7A5528-5943-4EEC-A601-794AE8270805}.Release|Any CPU.ActiveCfg = Release|Any CPU
		{AF7A5528-5943-4EEC-A601-794AE8270805}.Release|Any CPU.Build.0 = Release|Any CPU
		{1D5D1936-8197-4C25-A623-BC355CAB9AE0}.Debug|Any CPU.ActiveCfg = Debug|Any CPU
		{1D5D1936-8197-4C25-A623-BC355CAB9AE0}.Debug|Any CPU.Build.0 = Debug|Any CPU
		{1D5D1936-8197-4C25-A623-BC355CAB9AE0}.Release|Any CPU.ActiveCfg = Release|Any CPU
		{1D5D1936-8197-4C25-A623-BC355CAB9AE0}.Release|Any CPU.Build.0 = Release|Any CPU
	EndGlobalSection
	GlobalSection(SolutionProperties) = preSolution
		HideSolutionNode = FALSE
	EndGlobalSection
EndGlobal
